
Microsoft Visual Studio Solution File, Format Version 12.00
# Visual Studio Version 17
VisualStudioVersion = 17.4.33213.308
MinimumVisualStudioVersion = 10.0.40219.1
Project("{FAE04EC0-301F-11D3-BF4B-00C04F79EFBC}") = "OnlineShop", "OnlineShop.csproj", "{35A383BB-69C9-4FB9-AD2C-C46EB3EA2183}"
EndProject
Global
	GlobalSection(SolutionConfigurationPlatforms) = preSolution
		Debug|Any CPU = Debug|Any CPU
		Release|Any CPU = Release|Any CPU
	EndGlobalSection
	GlobalSection(ProjectConfigurationPlatforms) = postSolution
		{35A383BB-69C9-4FB9-AD2C-C46EB3EA2183}.Debug|Any CPU.ActiveCfg = Debug|Any CPU
		{35A383BB-69C9-4FB9-AD2C-C46EB3EA2183}.Debug|Any CPU.Build.0 = Debug|Any CPU
		{35A383BB-69C9-4FB9-AD2C-C46EB3EA2183}.Release|Any CPU.ActiveCfg = Release|Any CPU
		{35A383BB-69C9-4FB9-AD2C-C46EB3EA2183}.Release|Any CPU.Build.0 = Release|Any CPU
	EndGlobalSection
	GlobalSection(SolutionProperties) = preSolution
		HideSolutionNode = FALSE
	EndGlobalSection
	GlobalSection(ExtensibilityGlobals) = postSolution
		SolutionGuid = {AD3A2EA4-17ED-417D-8BFF-49A40A16BF30}
	EndGlobalSection
EndGlobal
